{
  "name": "code",
  "lockfileVersion": 2,
  "requires": true,
  "packages": {
    "": {
      "dependencies": {
        "@serverless-cd/ding-talk": "^0.0.5",
        "dayjs": "^1.11.7"
      }
    },
    "node_modules/@serverless-cd/ding-talk": {
      "version": "0.0.5",
      "resolved": "https://registry.npmmirror.com/@serverless-cd/ding-talk/-/ding-talk-0.0.5.tgz",
      "integrity": "sha512-1rGxtfM/kfzLx4GI8F/gxvCyJgxl/+tI3e+U63dXyOcCSGesgmXiEuav2h9NH1ic+gA9SUt2UndfZjWJPpGRRg=="
    },
    "node_modules/dayjs": {
      "version": "1.11.7",
      "resolved": "https://registry.npmjs.org/dayjs/-/dayjs-1.11.7.tgz",
      "integrity": "sha512-+Yw9U6YO5TQohxLcIkrXBeY73WP3ejHWVvx8XCk3gxvQDCTEmS48ZrSZCKciI7Bhl/uCMyxYtE9UqRILmFphkQ=="
    }
  },
  "dependencies": {
    "@serverless-cd/ding-talk": {
      "version": "0.0.5",
      "resolved": "https://registry.npmmirror.com/@serverless-cd/ding-talk/-/ding-talk-0.0.5.tgz",
      "integrity": "sha512-1rGxtfM/kfzLx4GI8F/gxvCyJgxl/+tI3e+U63dXyOcCSGesgmXiEuav2h9NH1ic+gA9SUt2UndfZjWJPpGRRg=="
    },
    "dayjs": {
      "version": "1.11.7",
      "resolved": "https://registry.npmjs.org/dayjs/-/dayjs-1.11.7.tgz",
      "integrity": "sha512-+Yw9U6YO5TQohxLcIkrXBeY73WP3ejHWVvx8XCk3gxvQDCTEmS48ZrSZCKciI7Bhl/uCMyxYtE9UqRILmFphkQ=="
    }
  }
}
